
Microsoft Visual Studio Solution File, Format Version 12.00
# Visual Studio Version 16
VisualStudioVersion = 16.0.30225.117
MinimumVisualStudioVersion = 10.0.40219.1
Project("{FAE04EC0-301F-11D3-BF4B-00C04F79EFBC}") = "[ UI ] - Panda A+", "[ UI ] - Panda A+.csproj", "{651B5363-9A84-447C-AB06-59BF71C94EF3}"
EndProject
Project("{FAE04EC0-301F-11D3-BF4B-00C04F79EFBC}") = "Panda Local Configuration", "Config_Mgr\Panda Local Configuration\Panda Local Configuration.csproj", "{D4EF5CB7-F8EE-441D-B137-ACB25CE95E49}"
EndProject
Global
	GlobalSection(SolutionConfigurationPlatforms) = preSolution
		Debug|Any CPU = Debug|Any CPU
		Release|Any CPU = Release|Any CPU
	EndGlobalSection
	GlobalSection(ProjectConfigurationPlatforms) = postSolution
		{651B5363-9A84-447C-AB06-59BF71C94EF3}.Debug|Any CPU.ActiveCfg = Debug|Any CPU
		{651B5363-9A84-447C-AB06-59BF71C94EF3}.Debug|Any CPU.Build.0 = Debug|Any CPU
		{651B5363-9A84-447C-AB06-59BF71C94EF3}.Release|Any CPU.ActiveCfg = Release|Any CPU
		{651B5363-9A84-447C-AB06-59BF71C94EF3}.Release|Any CPU.Build.0 = Release|Any CPU
		{D4EF5CB7-F8EE-441D-B137-ACB25CE95E49}.Debug|Any CPU.ActiveCfg = Debug|Any CPU
		{D4EF5CB7-F8EE-441D-B137-ACB25CE95E49}.Debug|Any CPU.Build.0 = Debug|Any CPU
		{D4EF5CB7-F8EE-441D-B137-ACB25CE95E49}.Release|Any CPU.ActiveCfg = Release|Any CPU
		{D4EF5CB7-F8EE-441D-B137-ACB25CE95E49}.Release|Any CPU.Build.0 = Release|Any CPU
	EndGlobalSection
	GlobalSection(SolutionProperties) = preSolution
		HideSolutionNode = FALSE
	EndGlobalSection
	GlobalSection(ExtensibilityGlobals) = postSolution
		SolutionGuid = {507B5FBD-4C0B-46A1-BE04-F8DD567AAA9B}
	EndGlobalSection
EndGlobal
